// !$*UTF8*$!
{
	archiveVersion = 1;
	classes = {
	};
	objectVersion = 77;
	objects = {

/* Begin PBXBuildFile section */
		07081920212223240607FA07 /* TranscriptionProgressView.swift in Sources */ = {isa = PBXBuildFile; fileRef = 18192021222324250708FB08 /* TranscriptionProgressView.swift */; };
		143EDA0DADFD4967A6F0F15E /* StartupCoordinator.swift in Sources */ = {isa = PBXBuildFile; fileRef = 65D0A8F892A14D8A95D0F699 /* StartupCoordinator.swift */; };
		1735D4D03E55F22857571523 /* TranscriptManager.swift in Sources */ = {isa = PBXBuildFile; fileRef = 47BA5316465B5EE74C44F4E0 /* TranscriptManager.swift */; };
		1A0891D3556844459838DF10 /* AnalysisResultView.swift in Sources */ = {isa = PBXBuildFile; fileRef = 780774CD0DED46789A3AEFF5 /* AnalysisResultView.swift */; };
		216EE070BFF64DE4A6B55C10 /* CheckResult.swift in Sources */ = {isa = PBXBuildFile; fileRef = 4325E9ACE0674494B806E1E6 /* CheckResult.swift */; };
		23EEE30B03584443B69B355A /* SplashView.swift in Sources */ = {isa = PBXBuildFile; fileRef = 8A7604D1892A4E64B1ADF9E4 /* SplashView.swift */; };
		292A2B2C2D2E2F30090AFF09 /* TranscriptionResultView.swift in Sources */ = {isa = PBXBuildFile; fileRef = 3A3B3C3D3E3F40410A0B000A /* TranscriptionResultView.swift */; };
		2EBA562109053A8CE0AEB214 /* TranscriptsView.swift in Sources */ = {isa = PBXBuildFile; fileRef = A921016BFF96E7C034AA10B7 /* TranscriptsView.swift */; };
		3FE4C5D44DF594B313A2EDE6 /* AnonymizationModal.swift in Sources */ = {isa = PBXBuildFile; fileRef = 5EDE4216E900AF93831AB195 /* AnonymizationModal.swift */; };
		AC1B2C3D4E5F60001020C102 /* AvidentExceptionsView.swift in Sources */ = {isa = PBXBuildFile; fileRef = AC1B2C3D4E5F60001020C101 /* AvidentExceptionsView.swift */; };
		4B4C4D4E4F5051420B0C010B /* TranscriptionSettingsView.swift in Sources */ = {isa = PBXBuildFile; fileRef = 5C5D5E5F60616243050C020C /* TranscriptionSettingsView.swift */; };
		4FF5785E464C096FD42B86DE /* RecordingDetailView.swift in Sources */ = {isa = PBXBuildFile; fileRef = 6AAE839F60F73AA729930DD9 /* RecordingDetailView.swift */; };
		61F163805ECD6809207CB4E4 /* SVGImageView.swift in Sources */ = {isa = PBXBuildFile; fileRef = 9D2E3719CBA56E7F84C22372 /* SVGImageView.swift */; };
		74A06C9AC8454D26972C5D12 /* SystemRequirementChecker.swift in Sources */ = {isa = PBXBuildFile; fileRef = DF08F17447184331982A2477 /* SystemRequirementChecker.swift */; };
		76C0870C4F2C9649C96E1705 /* AnonymizationService.swift in Sources */ = {isa = PBXBuildFile; fileRef = 750BF1F85FCC82DCC5E72B53 /* AnonymizationService.swift */; };
		89483D5FC79542DC90F3B4A3 /* DependencyManager.swift in Sources */ = {isa = PBXBuildFile; fileRef = F9D45615AC86459EBA95B78E /* DependencyManager.swift */; };
		92F62F8A972C02576CB2D9B8 /* AuditLogger.swift in Sources */ = {isa = PBXBuildFile; fileRef = 3BDE83639979BC9231BA2276 /* AuditLogger.swift */; };
		972F1D20656E49FAADF7B596 /* SystemRequirement.swift in Sources */ = {isa = PBXBuildFile; fileRef = 3131B3745FCB4B0EA2C3DBB5 /* SystemRequirement.swift */; };
		97485D3055075FCF3EBD787D /* RecordingMetadataManager.swift in Sources */ = {isa = PBXBuildFile; fileRef = 519A7F4A1AB6DD8F7877C7F3 /* RecordingMetadataManager.swift */; };
		97BF43F69201A26F4B0EE398 /* RecordingMetadata.swift in Sources */ = {isa = PBXBuildFile; fileRef = BC466D961441ABE452269B7B /* RecordingMetadata.swift */; };
		A1B2C3D4E5F600010203A401 /* TranscriptionResult.swift in Sources */ = {isa = PBXBuildFile; fileRef = B2C3D4E5F60001020304B502 /* TranscriptionResult.swift */; };
		AA1B2C3D4E5F60001020AA02 /* AudioLevelVisualization.swift in Sources */ = {isa = PBXBuildFile; fileRef = AA1B2C3D4E5F60001020AA01 /* AudioLevelVisualization.swift */; };
		BA1B2C3D4E5F60001020BA02 /* StorageLayout.swift in Sources */ = {isa = PBXBuildFile; fileRef = BA1B2C3D4E5F60001020BA01 /* StorageLayout.swift */; };
		BA1B2C3D4E5F60001020BB02 /* RecordingMeta.swift in Sources */ = {isa = PBXBuildFile; fileRef = BA1B2C3D4E5F60001020BB01 /* RecordingMeta.swift */; };
		BA1B2C3D4E5F60001020BC02 /* AppState.swift in Sources */ = {isa = PBXBuildFile; fileRef = BA1B2C3D4E5F60001020BC01 /* AppState.swift */; };
		BA1B2C3D4E5F60001020BD02 /* RecordingStore.swift in Sources */ = {isa = PBXBuildFile; fileRef = BA1B2C3D4E5F60001020BD01 /* RecordingStore.swift */; };
		BA1B2C3D4E5F60001020BE02 /* LegacyStorageScanner.swift in Sources */ = {isa = PBXBuildFile; fileRef = BA1B2C3D4E5F60001020BE01 /* LegacyStorageScanner.swift */; };
		BA1B2C3D4E5F60001020BF02 /* StorageMigrator.swift in Sources */ = {isa = PBXBuildFile; fileRef = BA1B2C3D4E5F60001020BF01 /* StorageMigrator.swift */; };
		BA1B2C3D4E5F60001020C002 /* LegacyMetadataMigrator.swift in Sources */ = {isa = PBXBuildFile; fileRef = BA1B2C3D4E5F60001020C001 /* LegacyMetadataMigrator.swift */; };
		BD19341D96FC6C34B54B4A1B /* main.swift in Sources */ = {isa = PBXBuildFile; fileRef = CE5EE01B431596E611A2B34A /* main.swift */; };
		C2BDD8B2B068C31C9BE0B93B /* AudioRecordingManagerLib.swift in Sources */ = {isa = PBXBuildFile; fileRef = 614E979CCD97F0B83DCB8973 /* AudioRecordingManagerLib.swift */; };
		C3D4E5F6000102030405C603 /* TranscriptionModel.swift in Sources */ = {isa = PBXBuildFile; fileRef = D4E5F600010203040506D704 /* TranscriptionModel.swift */; };
		CA1B2C3D4E5F60001020DA02 /* DesignTokens.swift in Sources */ = {isa = PBXBuildFile; fileRef = CA1B2C3D4E5F60001020DA01 /* DesignTokens.swift */; };
		CA1B2C3D4E5F60001020DB02 /* GlassStyles.swift in Sources */ = {isa = PBXBuildFile; fileRef = CA1B2C3D4E5F60001020DB01 /* GlassStyles.swift */; };
		CA1B2C3D4E5F60001020DC02 /* WindowChrome.swift in Sources */ = {isa = PBXBuildFile; fileRef = CA1B2C3D4E5F60001020DC01 /* WindowChrome.swift */; };
		D1AD0DFEEF0241A88D89CA16 /* OllamaManager.swift in Sources */ = {isa = PBXBuildFile; fileRef = A9D07DCC68E64F1A9F234B17 /* OllamaManager.swift */; };
		DA0C25C22B054B15AF00B983 /* ProcessingState.swift in Sources */ = {isa = PBXBuildFile; fileRef = 82989F1166754DF3BDB81BE6 /* ProcessingState.swift */; };
		DA1B2C3D4E5F60001020EA02 /* TranscriptPlaybackController.swift in Sources */ = {isa = PBXBuildFile; fileRef = DA1B2C3D4E5F60001020EA01 /* TranscriptPlaybackController.swift */; };
		DA1B2C3D4E5F60001020EB02 /* TranscriptEditorState.swift in Sources */ = {isa = PBXBuildFile; fileRef = DA1B2C3D4E5F60001020EB01 /* TranscriptEditorState.swift */; };
		DA1B2C3D4E5F60001020EC02 /* TranscriptEditorView.swift in Sources */ = {isa = PBXBuildFile; fileRef = DA1B2C3D4E5F60001020EC01 /* TranscriptEditorView.swift */; };
		DA1B2C3D4E5F60001020ED02 /* AvidentifiseringSheet.swift in Sources */ = {isa = PBXBuildFile; fileRef = DA1B2C3D4E5F60001020ED01 /* AvidentifiseringSheet.swift */; };
		E5F60001020304050607E805 /* TranscriptionService.swift in Sources */ = {isa = PBXBuildFile; fileRef = F6000102030405060708F906 /* TranscriptionService.swift */; };
		E8D7C6B5A4F3E2D1C0B9A8F7 /* anonymize_bridge.py in Resources */ = {isa = PBXBuildFile; fileRef = F9E8D7C6B5A4F3E2D1C0B9A8 /* anonymize_bridge.py */; };
		EA1B2C3D4E5F60001020FA02 /* AudioRecorder.swift in Sources */ = {isa = PBXBuildFile; fileRef = EA1B2C3D4E5F60001020FA01 /* AudioRecorder.swift */; };
		EA1B2C3D4E5F60001020FB02 /* RecordingItem.swift in Sources */ = {isa = PBXBuildFile; fileRef = EA1B2C3D4E5F60001020FB01 /* RecordingItem.swift */; };
		EA1B2C3D4E5F60001020FC02 /* AudioPlayer.swift in Sources */ = {isa = PBXBuildFile; fileRef = EA1B2C3D4E5F60001020FC01 /* AudioPlayer.swift */; };
		EA1B2C3D4E5F60001020FD02 /* RecordingsManager.swift in Sources */ = {isa = PBXBuildFile; fileRef = EA1B2C3D4E5F60001020FD01 /* RecordingsManager.swift */; };
		F53FA62399314681B793A802 /* Assets.xcassets in Resources */ = {isa = PBXBuildFile; fileRef = F883F771229D40CBA3F54A52 /* Assets.xcassets */; };
		F70419BE261F4441AA8883E7 /* AnalysisResult.swift in Sources */ = {isa = PBXBuildFile; fileRef = 63113FFD22C5431AB374BBEF /* AnalysisResult.swift */; };
		FA1B2C3D4E5F600010200A02 /* RecordingExpiryManager.swift in Sources */ = {isa = PBXBuildFile; fileRef = FA1B2C3D4E5F600010200A01 /* RecordingExpiryManager.swift */; };
		FA1B2C3D4E5F600010200B02 /* ExpiryWarningBanner.swift in Sources */ = {isa = PBXBuildFile; fileRef = FA1B2C3D4E5F600010200B01 /* ExpiryWarningBanner.swift */; };
		FA1B2C3D4E5F600010200C02 /* ProjectConfig.swift in Sources */ = {isa = PBXBuildFile; fileRef = FA1B2C3D4E5F600010200C01 /* ProjectConfig.swift */; };
		FA1B2C3D4E5F600010200D02 /* ProjectSetupView.swift in Sources */ = {isa = PBXBuildFile; fileRef = FA1B2C3D4E5F600010200D01 /* ProjectSetupView.swift */; };
		FA1B2C3D4E5F600010200E02 /* ComplianceChecklistView.swift in Sources */ = {isa = PBXBuildFile; fileRef = FA1B2C3D4E5F600010200E01 /* ComplianceChecklistView.swift */; };
		FA1B2C3D4E5F600010200F02 /* UploadNamingService.swift in Sources */ = {isa = PBXBuildFile; fileRef = FA1B2C3D4E5F600010200F01 /* UploadNamingService.swift */; };
		FA1B2C3D4E5F60001020A002 /* UploadService.swift in Sources */ = {isa = PBXBuildFile; fileRef = FA1B2C3D4E5F60001020A001 /* UploadService.swift */; };
		FA1B2C3D4E5F60001020B102 /* AuditLogViewer.swift in Sources */ = {isa = PBXBuildFile; fileRef = FA1B2C3D4E5F60001020B101 /* AuditLogViewer.swift */; };
		AB1B2C3D4E5F60001020A102 /* AnalysisModels.swift in Sources */ = {isa = PBXBuildFile; fileRef = AB1B2C3D4E5F60001020A101 /* AnalysisModels.swift */; };
		AB1B2C3D4E5F60001020A202 /* AnalysisStore.swift in Sources */ = {isa = PBXBuildFile; fileRef = AB1B2C3D4E5F60001020A201 /* AnalysisStore.swift */; };
		AB1B2C3D4E5F60001020A302 /* TranscriptHash.swift in Sources */ = {isa = PBXBuildFile; fileRef = AB1B2C3D4E5F60001020A301 /* TranscriptHash.swift */; };
		AB1B2C3D4E5F60001020A402 /* AnalysisListColumn.swift in Sources */ = {isa = PBXBuildFile; fileRef = AB1B2C3D4E5F60001020A401 /* AnalysisListColumn.swift */; };
		AB1B2C3D4E5F60001020A502 /* AnalysisDetailColumn.swift in Sources */ = {isa = PBXBuildFile; fileRef = AB1B2C3D4E5F60001020A501 /* AnalysisDetailColumn.swift */; };
		AB1B2C3D4E5F60001020A602 /* PromptTemplate.swift in Sources */ = {isa = PBXBuildFile; fileRef = AB1B2C3D4E5F60001020A601 /* PromptTemplate.swift */; };
		AB1B2C3D4E5F60001020A702 /* PromptTemplateLibrary.swift in Sources */ = {isa = PBXBuildFile; fileRef = AB1B2C3D4E5F60001020A701 /* PromptTemplateLibrary.swift */; };
		AB1B2C3D4E5F60001020A802 /* OllamaAnalysisService.swift in Sources */ = {isa = PBXBuildFile; fileRef = AB1B2C3D4E5F60001020A801 /* OllamaAnalysisService.swift */; };
		AB1B2C3D4E5F60001020A902 /* AnalysisResultParser.swift in Sources */ = {isa = PBXBuildFile; fileRef = AB1B2C3D4E5F60001020A901 /* AnalysisResultParser.swift */; };
		AB1B2C3D4E5F60001020AA02 /* AnalysisComposerView.swift in Sources */ = {isa = PBXBuildFile; fileRef = AB1B2C3D4E5F60001020AA01 /* AnalysisComposerView.swift */; };
		AB1B2C3D4E5F60001020AB02 /* AnalysisResultDetailView.swift in Sources */ = {isa = PBXBuildFile; fileRef = AB1B2C3D4E5F60001020AB01 /* AnalysisResultDetailView.swift */; };
/* End PBXBuildFile section */

/* Begin PBXFileReference section */
		18192021222324250708FB08 /* TranscriptionProgressView.swift */ = {isa = PBXFileReference; lastKnownFileType = sourcecode.swift; path = TranscriptionProgressView.swift; sourceTree = "<group>"; };
		3131B3745FCB4B0EA2C3DBB5 /* SystemRequirement.swift */ = {isa = PBXFileReference; lastKnownFileType = sourcecode.swift; path = SystemRequirement.swift; sourceTree = "<group>"; };
		315E34A816AD0598C50D5AF7 /* AudioRecordingManager.app */ = {isa = PBXFileReference; explicitFileType = wrapper.application; includeInIndex = 0; path = AudioRecordingManager.app; sourceTree = BUILT_PRODUCTS_DIR; };
		3A3B3C3D3E3F40410A0B000A /* TranscriptionResultView.swift */ = {isa = PBXFileReference; lastKnownFileType = sourcecode.swift; path = TranscriptionResultView.swift; sourceTree = "<group>"; };
		3BDE83639979BC9231BA2276 /* AuditLogger.swift */ = {isa = PBXFileReference; lastKnownFileType = sourcecode.swift; path = AuditLogger.swift; sourceTree = "<group>"; };
		4325E9ACE0674494B806E1E6 /* CheckResult.swift */ = {isa = PBXFileReference; lastKnownFileType = sourcecode.swift; path = CheckResult.swift; sourceTree = "<group>"; };
		47BA5316465B5EE74C44F4E0 /* TranscriptManager.swift */ = {isa = PBXFileReference; lastKnownFileType = sourcecode.swift; path = TranscriptManager.swift; sourceTree = "<group>"; };
		519A7F4A1AB6DD8F7877C7F3 /* RecordingMetadataManager.swift */ = {isa = PBXFileReference; lastKnownFileType = sourcecode.swift; path = RecordingMetadataManager.swift; sourceTree = "<group>"; };
		5C5D5E5F60616243050C020C /* TranscriptionSettingsView.swift */ = {isa = PBXFileReference; lastKnownFileType = sourcecode.swift; path = TranscriptionSettingsView.swift; sourceTree = "<group>"; };
		5EDE4216E900AF93831AB195 /* AnonymizationModal.swift */ = {isa = PBXFileReference; lastKnownFileType = sourcecode.swift; path = AnonymizationModal.swift; sourceTree = "<group>"; };
		AC1B2C3D4E5F60001020C101 /* AvidentExceptionsView.swift */ = {isa = PBXFileReference; lastKnownFileType = sourcecode.swift; path = AvidentExceptionsView.swift; sourceTree = "<group>"; };
		614E979CCD97F0B83DCB8973 /* AudioRecordingManagerLib.swift */ = {isa = PBXFileReference; lastKnownFileType = sourcecode.swift; path = AudioRecordingManagerLib.swift; sourceTree = "<group>"; };
		63113FFD22C5431AB374BBEF /* AnalysisResult.swift */ = {isa = PBXFileReference; lastKnownFileType = sourcecode.swift; path = AnalysisResult.swift; sourceTree = "<group>"; };
		65D0A8F892A14D8A95D0F699 /* StartupCoordinator.swift */ = {isa = PBXFileReference; lastKnownFileType = sourcecode.swift; path = StartupCoordinator.swift; sourceTree = "<group>"; };
		6AAE839F60F73AA729930DD9 /* RecordingDetailView.swift */ = {isa = PBXFileReference; lastKnownFileType = sourcecode.swift; path = RecordingDetailView.swift; sourceTree = "<group>"; };
		750BF1F85FCC82DCC5E72B53 /* AnonymizationService.swift */ = {isa = PBXFileReference; lastKnownFileType = sourcecode.swift; path = AnonymizationService.swift; sourceTree = "<group>"; };
		780774CD0DED46789A3AEFF5 /* AnalysisResultView.swift */ = {isa = PBXFileReference; lastKnownFileType = sourcecode.swift; path = AnalysisResultView.swift; sourceTree = "<group>"; };
		82989F1166754DF3BDB81BE6 /* ProcessingState.swift */ = {isa = PBXFileReference; lastKnownFileType = sourcecode.swift; path = ProcessingState.swift; sourceTree = "<group>"; };
		8A7604D1892A4E64B1ADF9E4 /* SplashView.swift */ = {isa = PBXFileReference; lastKnownFileType = sourcecode.swift; path = SplashView.swift; sourceTree = "<group>"; };
		9D2E3719CBA56E7F84C22372 /* SVGImageView.swift */ = {isa = PBXFileReference; lastKnownFileType = sourcecode.swift; path = SVGImageView.swift; sourceTree = "<group>"; };
		A921016BFF96E7C034AA10B7 /* TranscriptsView.swift */ = {isa = PBXFileReference; lastKnownFileType = sourcecode.swift; path = TranscriptsView.swift; sourceTree = "<group>"; };
		A9D07DCC68E64F1A9F234B17 /* OllamaManager.swift */ = {isa = PBXFileReference; lastKnownFileType = sourcecode.swift; path = OllamaManager.swift; sourceTree = "<group>"; };
		AA1B2C3D4E5F60001020AA01 /* AudioLevelVisualization.swift */ = {isa = PBXFileReference; lastKnownFileType = sourcecode.swift; path = AudioLevelVisualization.swift; sourceTree = "<group>"; };
		B2C3D4E5F60001020304B502 /* TranscriptionResult.swift */ = {isa = PBXFileReference; lastKnownFileType = sourcecode.swift; path = TranscriptionResult.swift; sourceTree = "<group>"; };
		BA1B2C3D4E5F60001020BA01 /* StorageLayout.swift */ = {isa = PBXFileReference; lastKnownFileType = sourcecode.swift; path = StorageLayout.swift; sourceTree = "<group>"; };
		BA1B2C3D4E5F60001020BB01 /* RecordingMeta.swift */ = {isa = PBXFileReference; lastKnownFileType = sourcecode.swift; path = RecordingMeta.swift; sourceTree = "<group>"; };
		BA1B2C3D4E5F60001020BC01 /* AppState.swift */ = {isa = PBXFileReference; lastKnownFileType = sourcecode.swift; path = AppState.swift; sourceTree = "<group>"; };
		BA1B2C3D4E5F60001020BD01 /* RecordingStore.swift */ = {isa = PBXFileReference; lastKnownFileType = sourcecode.swift; path = RecordingStore.swift; sourceTree = "<group>"; };
		BA1B2C3D4E5F60001020BE01 /* LegacyStorageScanner.swift */ = {isa = PBXFileReference; lastKnownFileType = sourcecode.swift; path = LegacyStorageScanner.swift; sourceTree = "<group>"; };
		BA1B2C3D4E5F60001020BF01 /* StorageMigrator.swift */ = {isa = PBXFileReference; lastKnownFileType = sourcecode.swift; path = StorageMigrator.swift; sourceTree = "<group>"; };
		BA1B2C3D4E5F60001020C001 /* LegacyMetadataMigrator.swift */ = {isa = PBXFileReference; lastKnownFileType = sourcecode.swift; path = LegacyMetadataMigrator.swift; sourceTree = "<group>"; };
		BC466D961441ABE452269B7B /* RecordingMetadata.swift */ = {isa = PBXFileReference; lastKnownFileType = sourcecode.swift; path = RecordingMetadata.swift; sourceTree = "<group>"; };
		CA1B2C3D4E5F60001020DA01 /* DesignTokens.swift */ = {isa = PBXFileReference; lastKnownFileType = sourcecode.swift; path = DesignTokens.swift; sourceTree = "<group>"; };
		CA1B2C3D4E5F60001020DB01 /* GlassStyles.swift */ = {isa = PBXFileReference; lastKnownFileType = sourcecode.swift; path = GlassStyles.swift; sourceTree = "<group>"; };
		CA1B2C3D4E5F60001020DC01 /* WindowChrome.swift */ = {isa = PBXFileReference; lastKnownFileType = sourcecode.swift; path = WindowChrome.swift; sourceTree = "<group>"; };
		CE5EE01B431596E611A2B34A /* main.swift */ = {isa = PBXFileReference; lastKnownFileType = sourcecode.swift; path = main.swift; sourceTree = "<group>"; };
		D4E5F600010203040506D704 /* TranscriptionModel.swift */ = {isa = PBXFileReference; lastKnownFileType = sourcecode.swift; path = TranscriptionModel.swift; sourceTree = "<group>"; };
		DA1B2C3D4E5F60001020EA01 /* TranscriptPlaybackController.swift */ = {isa = PBXFileReference; lastKnownFileType = sourcecode.swift; path = TranscriptPlaybackController.swift; sourceTree = "<group>"; };
		DA1B2C3D4E5F60001020EB01 /* TranscriptEditorState.swift */ = {isa = PBXFileReference; lastKnownFileType = sourcecode.swift; path = TranscriptEditorState.swift; sourceTree = "<group>"; };
		DA1B2C3D4E5F60001020EC01 /* TranscriptEditorView.swift */ = {isa = PBXFileReference; lastKnownFileType = sourcecode.swift; path = TranscriptEditorView.swift; sourceTree = "<group>"; };
		DA1B2C3D4E5F60001020ED01 /* AvidentifiseringSheet.swift */ = {isa = PBXFileReference; lastKnownFileType = sourcecode.swift; path = AvidentifiseringSheet.swift; sourceTree = "<group>"; };
		DF08F17447184331982A2477 /* SystemRequirementChecker.swift */ = {isa = PBXFileReference; lastKnownFileType = sourcecode.swift; path = SystemRequirementChecker.swift; sourceTree = "<group>"; };
		EA1B2C3D4E5F60001020FA01 /* AudioRecorder.swift */ = {isa = PBXFileReference; lastKnownFileType = sourcecode.swift; path = AudioRecorder.swift; sourceTree = "<group>"; };
		EA1B2C3D4E5F60001020FB01 /* RecordingItem.swift */ = {isa = PBXFileReference; lastKnownFileType = sourcecode.swift; path = RecordingItem.swift; sourceTree = "<group>"; };
		EA1B2C3D4E5F60001020FC01 /* AudioPlayer.swift */ = {isa = PBXFileReference; lastKnownFileType = sourcecode.swift; path = AudioPlayer.swift; sourceTree = "<group>"; };
		EA1B2C3D4E5F60001020FD01 /* RecordingsManager.swift */ = {isa = PBXFileReference; lastKnownFileType = sourcecode.swift; path = RecordingsManager.swift; sourceTree = "<group>"; };
		F6000102030405060708F906 /* TranscriptionService.swift */ = {isa = PBXFileReference; lastKnownFileType = sourcecode.swift; path = TranscriptionService.swift; sourceTree = "<group>"; };
		F883F771229D40CBA3F54A52 /* Assets.xcassets */ = {isa = PBXFileReference; lastKnownFileType = folder.assetcatalog; name = Assets.xcassets; path = Resources/Assets.xcassets; sourceTree = SOURCE_ROOT; };
		F9D45615AC86459EBA95B78E /* DependencyManager.swift */ = {isa = PBXFileReference; lastKnownFileType = sourcecode.swift; path = DependencyManager.swift; sourceTree = "<group>"; };
		F9E8D7C6B5A4F3E2D1C0B9A8 /* anonymize_bridge.py */ = {isa = PBXFileReference; lastKnownFileType = text.script.python; name = anonymize_bridge.py; path = Resources/anonymize_bridge.py; sourceTree = SOURCE_ROOT; };
		FA1B2C3D4E5F600010200A01 /* RecordingExpiryManager.swift */ = {isa = PBXFileReference; lastKnownFileType = sourcecode.swift; path = RecordingExpiryManager.swift; sourceTree = "<group>"; };
		FA1B2C3D4E5F600010200B01 /* ExpiryWarningBanner.swift */ = {isa = PBXFileReference; lastKnownFileType = sourcecode.swift; path = ExpiryWarningBanner.swift; sourceTree = "<group>"; };
		FA1B2C3D4E5F600010200C01 /* ProjectConfig.swift */ = {isa = PBXFileReference; lastKnownFileType = sourcecode.swift; path = ProjectConfig.swift; sourceTree = "<group>"; };
		FA1B2C3D4E5F600010200D01 /* ProjectSetupView.swift */ = {isa = PBXFileReference; lastKnownFileType = sourcecode.swift; path = ProjectSetupView.swift; sourceTree = "<group>"; };
		FA1B2C3D4E5F600010200E01 /* ComplianceChecklistView.swift */ = {isa = PBXFileReference; lastKnownFileType = sourcecode.swift; path = ComplianceChecklistView.swift; sourceTree = "<group>"; };
		FA1B2C3D4E5F600010200F01 /* UploadNamingService.swift */ = {isa = PBXFileReference; lastKnownFileType = sourcecode.swift; path = UploadNamingService.swift; sourceTree = "<group>"; };
		FA1B2C3D4E5F60001020A001 /* UploadService.swift */ = {isa = PBXFileReference; lastKnownFileType = sourcecode.swift; path = UploadService.swift; sourceTree = "<group>"; };
		FA1B2C3D4E5F60001020B101 /* AuditLogViewer.swift */ = {isa = PBXFileReference; lastKnownFileType = sourcecode.swift; path = AuditLogViewer.swift; sourceTree = "<group>"; };
		AB1B2C3D4E5F60001020A101 /* AnalysisModels.swift */ = {isa = PBXFileReference; lastKnownFileType = sourcecode.swift; path = AnalysisModels.swift; sourceTree = "<group>"; };
		AB1B2C3D4E5F60001020A201 /* AnalysisStore.swift */ = {isa = PBXFileReference; lastKnownFileType = sourcecode.swift; path = AnalysisStore.swift; sourceTree = "<group>"; };
		AB1B2C3D4E5F60001020A301 /* TranscriptHash.swift */ = {isa = PBXFileReference; lastKnownFileType = sourcecode.swift; path = TranscriptHash.swift; sourceTree = "<group>"; };
		AB1B2C3D4E5F60001020A401 /* AnalysisListColumn.swift */ = {isa = PBXFileReference; lastKnownFileType = sourcecode.swift; path = AnalysisListColumn.swift; sourceTree = "<group>"; };
		AB1B2C3D4E5F60001020A501 /* AnalysisDetailColumn.swift */ = {isa = PBXFileReference; lastKnownFileType = sourcecode.swift; path = AnalysisDetailColumn.swift; sourceTree = "<group>"; };
		AB1B2C3D4E5F60001020A601 /* PromptTemplate.swift */ = {isa = PBXFileReference; lastKnownFileType = sourcecode.swift; path = PromptTemplate.swift; sourceTree = "<group>"; };
		AB1B2C3D4E5F60001020A701 /* PromptTemplateLibrary.swift */ = {isa = PBXFileReference; lastKnownFileType = sourcecode.swift; path = PromptTemplateLibrary.swift; sourceTree = "<group>"; };
		AB1B2C3D4E5F60001020A801 /* OllamaAnalysisService.swift */ = {isa = PBXFileReference; lastKnownFileType = sourcecode.swift; path = OllamaAnalysisService.swift; sourceTree = "<group>"; };
		AB1B2C3D4E5F60001020A901 /* AnalysisResultParser.swift */ = {isa = PBXFileReference; lastKnownFileType = sourcecode.swift; path = AnalysisResultParser.swift; sourceTree = "<group>"; };
		AB1B2C3D4E5F60001020AA01 /* AnalysisComposerView.swift */ = {isa = PBXFileReference; lastKnownFileType = sourcecode.swift; path = AnalysisComposerView.swift; sourceTree = "<group>"; };
		AB1B2C3D4E5F60001020AB01 /* AnalysisResultDetailView.swift */ = {isa = PBXFileReference; lastKnownFileType = sourcecode.swift; path = AnalysisResultDetailView.swift; sourceTree = "<group>"; };
/* End PBXFileReference section */

/* Begin PBXGroup section */
		0D20499F143447E789C45149 = {
			isa = PBXGroup;
			children = (
				DF8884E58B3616241EF874EB /* AudioRecordingManager */,
				A6DA9A383D3D8E951AB012ED /* Products */,
			);
			sourceTree = "<group>";
		};
		74A331597C1C4628A6F1ABE2 /* Startup */ = {
			isa = PBXGroup;
			children = (
				F3B81DF68E89417CB66441E8 /* Models */,
				DF08F17447184331982A2477 /* SystemRequirementChecker.swift */,
				F9D45615AC86459EBA95B78E /* DependencyManager.swift */,
				65D0A8F892A14D8A95D0F699 /* StartupCoordinator.swift */,
				8A7604D1892A4E64B1ADF9E4 /* SplashView.swift */,
			);
			path = Startup;
			sourceTree = "<group>";
		};
		A6DA9A383D3D8E951AB012ED /* Products */ = {
			isa = PBXGroup;
			children = (
				315E34A816AD0598C50D5AF7 /* AudioRecordingManager.app */,
			);
			name = Products;
			sourceTree = "<group>";
		};
		BA1B2C3D4E5F60001020BA00 /* Storage */ = {
			isa = PBXGroup;
			children = (
				BA1B2C3D4E5F60001020BA01 /* StorageLayout.swift */,
				BA1B2C3D4E5F60001020BB01 /* RecordingMeta.swift */,
				BA1B2C3D4E5F60001020BC01 /* AppState.swift */,
				BA1B2C3D4E5F60001020BD01 /* RecordingStore.swift */,
				BA1B2C3D4E5F60001020BE01 /* LegacyStorageScanner.swift */,
				BA1B2C3D4E5F60001020BF01 /* StorageMigrator.swift */,
				BA1B2C3D4E5F60001020C001 /* LegacyMetadataMigrator.swift */,
				FA1B2C3D4E5F600010200A01 /* RecordingExpiryManager.swift */,
				FA1B2C3D4E5F600010200C01 /* ProjectConfig.swift */,
				FA1B2C3D4E5F600010200F01 /* UploadNamingService.swift */,
				FA1B2C3D4E5F60001020A001 /* UploadService.swift */,
			);
			path = Storage;
			sourceTree = "<group>";
		};
		CA1B2C3D4E5F60001020DA00 /* Design */ = {
			isa = PBXGroup;
			children = (
				CA1B2C3D4E5F60001020DA01 /* DesignTokens.swift */,
				CA1B2C3D4E5F60001020DB01 /* GlassStyles.swift */,
				CA1B2C3D4E5F60001020DC01 /* WindowChrome.swift */,
			);
			path = Design;
			sourceTree = "<group>";
		};
		DA1B2C3D4E5F60001020EA00 /* Playback */ = {
			isa = PBXGroup;
			children = (
				DA1B2C3D4E5F60001020EA01 /* TranscriptPlaybackController.swift */,
			);
			path = Playback;
			sourceTree = "<group>";
		};
		AB1B2C3D4E5F60001020A000 /* Analysis */ = {
			isa = PBXGroup;
			children = (
				AB1B2C3D4E5F60001020A101 /* AnalysisModels.swift */,
				AB1B2C3D4E5F60001020A201 /* AnalysisStore.swift */,
				AB1B2C3D4E5F60001020A301 /* TranscriptHash.swift */,
				AB1B2C3D4E5F60001020A401 /* AnalysisListColumn.swift */,
				AB1B2C3D4E5F60001020A501 /* AnalysisDetailColumn.swift */,
				AB1B2C3D4E5F60001020A601 /* PromptTemplate.swift */,
				AB1B2C3D4E5F60001020A701 /* PromptTemplateLibrary.swift */,
				AB1B2C3D4E5F60001020A801 /* OllamaAnalysisService.swift */,
				AB1B2C3D4E5F60001020A901 /* AnalysisResultParser.swift */,
				AB1B2C3D4E5F60001020AA01 /* AnalysisComposerView.swift */,
				AB1B2C3D4E5F60001020AB01 /* AnalysisResultDetailView.swift */,
			);
			path = Analysis;
			sourceTree = "<group>";
		};
		DF8884E58B3616241EF874EB /* AudioRecordingManager */ = {
			isa = PBXGroup;
			children = (
				74A331597C1C4628A6F1ABE2 /* Startup */,
				BA1B2C3D4E5F60001020BA00 /* Storage */,
				CA1B2C3D4E5F60001020DA00 /* Design */,
				DA1B2C3D4E5F60001020EA00 /* Playback */,
				AB1B2C3D4E5F60001020A000 /* Analysis */,
				DA1B2C3D4E5F60001020EB01 /* TranscriptEditorState.swift */,
				DA1B2C3D4E5F60001020EC01 /* TranscriptEditorView.swift */,
				DA1B2C3D4E5F60001020ED01 /* AvidentifiseringSheet.swift */,
				EA1B2C3D4E5F60001020FA01 /* AudioRecorder.swift */,
				EA1B2C3D4E5F60001020FB01 /* RecordingItem.swift */,
				EA1B2C3D4E5F60001020FC01 /* AudioPlayer.swift */,
				EA1B2C3D4E5F60001020FD01 /* RecordingsManager.swift */,
				FA1B2C3D4E5F600010200B01 /* ExpiryWarningBanner.swift */,
				FA1B2C3D4E5F600010200D01 /* ProjectSetupView.swift */,
				FA1B2C3D4E5F600010200E01 /* ComplianceChecklistView.swift */,
				FA1B2C3D4E5F60001020B101 /* AuditLogViewer.swift */,
				F9E8D7C6B5A4F3E2D1C0B9A8 /* anonymize_bridge.py */,
				F883F771229D40CBA3F54A52 /* Assets.xcassets */,
				5EDE4216E900AF93831AB195 /* AnonymizationModal.swift */,
				AC1B2C3D4E5F60001020C101 /* AvidentExceptionsView.swift */,
				750BF1F85FCC82DCC5E72B53 /* AnonymizationService.swift */,
				AA1B2C3D4E5F60001020AA01 /* AudioLevelVisualization.swift */,
				614E979CCD97F0B83DCB8973 /* AudioRecordingManagerLib.swift */,
				3BDE83639979BC9231BA2276 /* AuditLogger.swift */,
				CE5EE01B431596E611A2B34A /* main.swift */,
				6AAE839F60F73AA729930DD9 /* RecordingDetailView.swift */,
				BC466D961441ABE452269B7B /* RecordingMetadata.swift */,
				519A7F4A1AB6DD8F7877C7F3 /* RecordingMetadataManager.swift */,
				9D2E3719CBA56E7F84C22372 /* SVGImageView.swift */,
				47BA5316465B5EE74C44F4E0 /* TranscriptManager.swift */,
				A921016BFF96E7C034AA10B7 /* TranscriptsView.swift */,
				63113FFD22C5431AB374BBEF /* AnalysisResult.swift */,
				780774CD0DED46789A3AEFF5 /* AnalysisResultView.swift */,
				82989F1166754DF3BDB81BE6 /* ProcessingState.swift */,
				B2C3D4E5F60001020304B502 /* TranscriptionResult.swift */,
				D4E5F600010203040506D704 /* TranscriptionModel.swift */,
				F6000102030405060708F906 /* TranscriptionService.swift */,
				18192021222324250708FB08 /* TranscriptionProgressView.swift */,
				3A3B3C3D3E3F40410A0B000A /* TranscriptionResultView.swift */,
				5C5D5E5F60616243050C020C /* TranscriptionSettingsView.swift */,
				A9D07DCC68E64F1A9F234B17 /* OllamaManager.swift */,
			);
			name = AudioRecordingManager;
			path = Sources/AudioRecordingManager;
			sourceTree = "<group>";
		};
		F3B81DF68E89417CB66441E8 /* Models */ = {
			isa = PBXGroup;
			children = (
				4325E9ACE0674494B806E1E6 /* CheckResult.swift */,
				3131B3745FCB4B0EA2C3DBB5 /* SystemRequirement.swift */,
			);
			path = Models;
			sourceTree = "<group>";
		};
/* End PBXGroup section */

/* Begin PBXNativeTarget section */
		95918E45E4B0A1FA65B61162 /* AudioRecordingManager */ = {
			isa = PBXNativeTarget;
			buildConfigurationList = 9D8798ACF97D7CA837D8AF5E /* Build configuration list for PBXNativeTarget "AudioRecordingManager" */;
			buildPhases = (
				D7C6B5A4F3E2D1C0B9A8F7E6 /* Resources */,
				4826E0ED79CA6281CEAB866C /* Sources */,
			);
			buildRules = (
			);
			dependencies = (
			);
			name = AudioRecordingManager;
			packageProductDependencies = (
			);
			productName = AudioRecordingManager;
			productReference = 315E34A816AD0598C50D5AF7 /* AudioRecordingManager.app */;
			productType = "com.apple.product-type.application";
		};
/* End PBXNativeTarget section */

/* Begin PBXProject section */
		8D7D28B495A06278759D07E7 /* Project object */ = {
			isa = PBXProject;
			attributes = {
				BuildIndependentTargetsInParallel = YES;
				LastUpgradeCheck = 2610;
				TargetAttributes = {
					95918E45E4B0A1FA65B61162 = {
						ProvisioningStyle = Automatic;
					};
				};
			};
			buildConfigurationList = D893B6AFC8C40FDB1448382B /* Build configuration list for PBXProject "AudioRecordingManager" */;
			developmentRegion = en;
			hasScannedForEncodings = 0;
			knownRegions = (
				Base,
				en,
			);
			mainGroup = 0D20499F143447E789C45149;
			minimizedProjectReferenceProxies = 1;
			preferredProjectObjectVersion = 77;
			productRefGroup = A6DA9A383D3D8E951AB012ED /* Products */;
			projectDirPath = "";
			projectRoot = "";
			targets = (
				95918E45E4B0A1FA65B61162 /* AudioRecordingManager */,
			);
		};
/* End PBXProject section */

/* Begin PBXResourcesBuildPhase section */
		D7C6B5A4F3E2D1C0B9A8F7E6 /* Resources */ = {
			isa = PBXResourcesBuildPhase;
			buildActionMask = 2147483647;
			files = (
				E8D7C6B5A4F3E2D1C0B9A8F7 /* anonymize_bridge.py in Resources */,
				F53FA62399314681B793A802 /* Assets.xcassets in Resources */,
			);
			runOnlyForDeploymentPostprocessing = 0;
		};
/* End PBXResourcesBuildPhase section */

/* Begin PBXSourcesBuildPhase section */
		4826E0ED79CA6281CEAB866C /* Sources */ = {
			isa = PBXSourcesBuildPhase;
			buildActionMask = 2147483647;
			files = (
				216EE070BFF64DE4A6B55C10 /* CheckResult.swift in Sources */,
				972F1D20656E49FAADF7B596 /* SystemRequirement.swift in Sources */,
				74A06C9AC8454D26972C5D12 /* SystemRequirementChecker.swift in Sources */,
				89483D5FC79542DC90F3B4A3 /* DependencyManager.swift in Sources */,
				143EDA0DADFD4967A6F0F15E /* StartupCoordinator.swift in Sources */,
				23EEE30B03584443B69B355A /* SplashView.swift in Sources */,
				3FE4C5D44DF594B313A2EDE6 /* AnonymizationModal.swift in Sources */,
				AC1B2C3D4E5F60001020C102 /* AvidentExceptionsView.swift in Sources */,
				76C0870C4F2C9649C96E1705 /* AnonymizationService.swift in Sources */,
				AA1B2C3D4E5F60001020AA02 /* AudioLevelVisualization.swift in Sources */,
				BA1B2C3D4E5F60001020BA02 /* StorageLayout.swift in Sources */,
				BA1B2C3D4E5F60001020BB02 /* RecordingMeta.swift in Sources */,
				BA1B2C3D4E5F60001020BC02 /* AppState.swift in Sources */,
				BA1B2C3D4E5F60001020BD02 /* RecordingStore.swift in Sources */,
				BA1B2C3D4E5F60001020BE02 /* LegacyStorageScanner.swift in Sources */,
				BA1B2C3D4E5F60001020BF02 /* StorageMigrator.swift in Sources */,
				BA1B2C3D4E5F60001020C002 /* LegacyMetadataMigrator.swift in Sources */,
				CA1B2C3D4E5F60001020DA02 /* DesignTokens.swift in Sources */,
				CA1B2C3D4E5F60001020DB02 /* GlassStyles.swift in Sources */,
				CA1B2C3D4E5F60001020DC02 /* WindowChrome.swift in Sources */,
				DA1B2C3D4E5F60001020EA02 /* TranscriptPlaybackController.swift in Sources */,
				DA1B2C3D4E5F60001020EB02 /* TranscriptEditorState.swift in Sources */,
				DA1B2C3D4E5F60001020EC02 /* TranscriptEditorView.swift in Sources */,
				DA1B2C3D4E5F60001020ED02 /* AvidentifiseringSheet.swift in Sources */,
				EA1B2C3D4E5F60001020FA02 /* AudioRecorder.swift in Sources */,
				EA1B2C3D4E5F60001020FB02 /* RecordingItem.swift in Sources */,
				EA1B2C3D4E5F60001020FC02 /* AudioPlayer.swift in Sources */,
				EA1B2C3D4E5F60001020FD02 /* RecordingsManager.swift in Sources */,
				FA1B2C3D4E5F600010200A02 /* RecordingExpiryManager.swift in Sources */,
				FA1B2C3D4E5F600010200B02 /* ExpiryWarningBanner.swift in Sources */,
				FA1B2C3D4E5F600010200C02 /* ProjectConfig.swift in Sources */,
				FA1B2C3D4E5F600010200D02 /* ProjectSetupView.swift in Sources */,
				FA1B2C3D4E5F600010200E02 /* ComplianceChecklistView.swift in Sources */,
				FA1B2C3D4E5F600010200F02 /* UploadNamingService.swift in Sources */,
				FA1B2C3D4E5F60001020A002 /* UploadService.swift in Sources */,
				FA1B2C3D4E5F60001020B102 /* AuditLogViewer.swift in Sources */,
				C2BDD8B2B068C31C9BE0B93B /* AudioRecordingManagerLib.swift in Sources */,
				92F62F8A972C02576CB2D9B8 /* AuditLogger.swift in Sources */,
				4FF5785E464C096FD42B86DE /* RecordingDetailView.swift in Sources */,
				97BF43F69201A26F4B0EE398 /* RecordingMetadata.swift in Sources */,
				97485D3055075FCF3EBD787D /* RecordingMetadataManager.swift in Sources */,
				61F163805ECD6809207CB4E4 /* SVGImageView.swift in Sources */,
				1735D4D03E55F22857571523 /* TranscriptManager.swift in Sources */,
				2EBA562109053A8CE0AEB214 /* TranscriptsView.swift in Sources */,
				BD19341D96FC6C34B54B4A1B /* main.swift in Sources */,
				F70419BE261F4441AA8883E7 /* AnalysisResult.swift in Sources */,
				1A0891D3556844459838DF10 /* AnalysisResultView.swift in Sources */,
				DA0C25C22B054B15AF00B983 /* ProcessingState.swift in Sources */,
				A1B2C3D4E5F600010203A401 /* TranscriptionResult.swift in Sources */,
				C3D4E5F6000102030405C603 /* TranscriptionModel.swift in Sources */,
				E5F60001020304050607E805 /* TranscriptionService.swift in Sources */,
				07081920212223240607FA07 /* TranscriptionProgressView.swift in Sources */,
				292A2B2C2D2E2F30090AFF09 /* TranscriptionResultView.swift in Sources */,
				4B4C4D4E4F5051420B0C010B /* TranscriptionSettingsView.swift in Sources */,
				D1AD0DFEEF0241A88D89CA16 /* OllamaManager.swift in Sources */,
				AB1B2C3D4E5F60001020A102 /* AnalysisModels.swift in Sources */,
				AB1B2C3D4E5F60001020A202 /* AnalysisStore.swift in Sources */,
				AB1B2C3D4E5F60001020A302 /* TranscriptHash.swift in Sources */,
				AB1B2C3D4E5F60001020A402 /* AnalysisListColumn.swift in Sources */,
				AB1B2C3D4E5F60001020A502 /* AnalysisDetailColumn.swift in Sources */,
				AB1B2C3D4E5F60001020A602 /* PromptTemplate.swift in Sources */,
				AB1B2C3D4E5F60001020A702 /* PromptTemplateLibrary.swift in Sources */,
				AB1B2C3D4E5F60001020A802 /* OllamaAnalysisService.swift in Sources */,
				AB1B2C3D4E5F60001020A902 /* AnalysisResultParser.swift in Sources */,
				AB1B2C3D4E5F60001020AA02 /* AnalysisComposerView.swift in Sources */,
				AB1B2C3D4E5F60001020AB02 /* AnalysisResultDetailView.swift in Sources */,
			);
			runOnlyForDeploymentPostprocessing = 0;
		};
/* End PBXSourcesBuildPhase section */

/* Begin XCBuildConfiguration section */
		3104E2408C4BBBEFD1CACE29 /* Debug */ = {
			isa = XCBuildConfiguration;
			buildSettings = {
				ALWAYS_SEARCH_USER_PATHS = NO;
				CLANG_ANALYZER_NONNULL = YES;
				CLANG_ANALYZER_NUMBER_OBJECT_CONVERSION = YES_AGGRESSIVE;
				CLANG_CXX_LANGUAGE_STANDARD = "gnu++14";
				CLANG_CXX_LIBRARY = "libc++";
				CLANG_ENABLE_MODULES = YES;
				CLANG_ENABLE_OBJC_ARC = YES;
				CLANG_ENABLE_OBJC_WEAK = YES;
				CLANG_WARN_BLOCK_CAPTURE_AUTORELEASING = YES;
				CLANG_WARN_BOOL_CONVERSION = YES;
				CLANG_WARN_COMMA = YES;
				CLANG_WARN_CONSTANT_CONVERSION = YES;
				CLANG_WARN_DEPRECATED_OBJC_IMPLEMENTATIONS = YES;
				CLANG_WARN_DIRECT_OBJC_ISA_USAGE = YES_ERROR;
				CLANG_WARN_DOCUMENTATION_COMMENTS = YES;
				CLANG_WARN_EMPTY_BODY = YES;
				CLANG_WARN_ENUM_CONVERSION = YES;
				CLANG_WARN_INFINITE_RECURSION = YES;
				CLANG_WARN_INT_CONVERSION = YES;
				CLANG_WARN_NON_LITERAL_NULL_CONVERSION = YES;
				CLANG_WARN_OBJC_IMPLICIT_RETAIN_SELF = YES;
				CLANG_WARN_OBJC_LITERAL_CONVERSION = YES;
				CLANG_WARN_OBJC_ROOT_CLASS = YES_ERROR;
				CLANG_WARN_QUOTED_INCLUDE_IN_FRAMEWORK_HEADER = YES;
				CLANG_WARN_RANGE_LOOP_ANALYSIS = YES;
				CLANG_WARN_STRICT_PROTOTYPES = YES;
				CLANG_WARN_SUSPICIOUS_MOVE = YES;
				CLANG_WARN_UNGUARDED_AVAILABILITY = YES_AGGRESSIVE;
				CLANG_WARN_UNREACHABLE_CODE = YES;
				CLANG_WARN__DUPLICATE_METHOD_MATCH = YES;
				COPY_PHASE_STRIP = NO;
				CURRENT_PROJECT_VERSION = 1;
				DEAD_CODE_STRIPPING = YES;
				DEBUG_INFORMATION_FORMAT = dwarf;
				ENABLE_STRICT_OBJC_MSGSEND = YES;
				ENABLE_TESTABILITY = YES;
				ENABLE_USER_SCRIPT_SANDBOXING = YES;
				GCC_C_LANGUAGE_STANDARD = gnu11;
				GCC_DYNAMIC_NO_PIC = NO;
				GCC_NO_COMMON_BLOCKS = YES;
				GCC_OPTIMIZATION_LEVEL = 0;
				GCC_PREPROCESSOR_DEFINITIONS = (
					"$(inherited)",
					"DEBUG=1",
				);
				GCC_WARN_64_TO_32_BIT_CONVERSION = YES;
				GCC_WARN_ABOUT_RETURN_TYPE = YES_ERROR;
				GCC_WARN_UNDECLARED_SELECTOR = YES;
				GCC_WARN_UNINITIALIZED_AUTOS = YES_AGGRESSIVE;
				GCC_WARN_UNUSED_FUNCTION = YES;
				GCC_WARN_UNUSED_VARIABLE = YES;
				MACOSX_DEPLOYMENT_TARGET = 15.6;
				MARKETING_VERSION = 1.0.0;
				MTL_ENABLE_DEBUG_INFO = INCLUDE_SOURCE;
				MTL_FAST_MATH = YES;
				ONLY_ACTIVE_ARCH = YES;
				PRODUCT_NAME = "$(TARGET_NAME)";
				SDKROOT = macosx;
				STRING_CATALOG_GENERATE_SYMBOLS = YES;
				SWIFT_ACTIVE_COMPILATION_CONDITIONS = DEBUG;
				SWIFT_OPTIMIZATION_LEVEL = "-Onone";
				SWIFT_VERSION = 5.9;
			};
			name = Debug;
		};
		5201D44BA8465B4B1D64AF3D /* Release */ = {
			isa = XCBuildConfiguration;
			buildSettings = {
				ASSETCATALOG_COMPILER_APPICON_NAME = AppIcon;
				CODE_SIGN_IDENTITY = "-";
				CODE_SIGN_STYLE = Automatic;
				COMBINE_HIDPI_IMAGES = YES;
				DEAD_CODE_STRIPPING = YES;
				EXECUTABLE_NAME = AudioRecordingManager;
				INFOPLIST_FILE = Info.plist;
				LD_RUNPATH_SEARCH_PATHS = (
					"$(inherited)",
					"@executable_path/../Frameworks",
				);
				PRODUCT_BUNDLE_IDENTIFIER = com.audiorecordingmanager.app;
				PRODUCT_NAME = AudioRecordingManager;
				PROVISIONING_PROFILE_SPECIFIER = "";
				SDKROOT = macosx;
			};
			name = Release;
		};
		64D86A806111477431EBB7EC /* Debug */ = {
			isa = XCBuildConfiguration;
			buildSettings = {
				ASSETCATALOG_COMPILER_APPICON_NAME = AppIcon;
				CODE_SIGN_IDENTITY = "-";
				CODE_SIGN_STYLE = Automatic;
				COMBINE_HIDPI_IMAGES = YES;
				DEAD_CODE_STRIPPING = YES;
				EXECUTABLE_NAME = AudioRecordingManager;
				INFOPLIST_FILE = Info.plist;
				LD_RUNPATH_SEARCH_PATHS = (
					"$(inherited)",
					"@executable_path/../Frameworks",
				);
				PRODUCT_BUNDLE_IDENTIFIER = com.audiorecordingmanager.app;
				PRODUCT_NAME = AudioRecordingManager;
				PROVISIONING_PROFILE_SPECIFIER = "";
				SDKROOT = macosx;
			};
			name = Debug;
		};
		7367B41A0BED6D1339CDB03D /* Release */ = {
			isa = XCBuildConfiguration;
			buildSettings = {
				ALWAYS_SEARCH_USER_PATHS = NO;
				CLANG_ANALYZER_NONNULL = YES;
				CLANG_ANALYZER_NUMBER_OBJECT_CONVERSION = YES_AGGRESSIVE;
				CLANG_CXX_LANGUAGE_STANDARD = "gnu++14";
				CLANG_CXX_LIBRARY = "libc++";
				CLANG_ENABLE_MODULES = YES;
				CLANG_ENABLE_OBJC_ARC = YES;
				CLANG_ENABLE_OBJC_WEAK = YES;
				CLANG_WARN_BLOCK_CAPTURE_AUTORELEASING = YES;
				CLANG_WARN_BOOL_CONVERSION = YES;
				CLANG_WARN_COMMA = YES;
				CLANG_WARN_CONSTANT_CONVERSION = YES;
				CLANG_WARN_DEPRECATED_OBJC_IMPLEMENTATIONS = YES;
				CLANG_WARN_DIRECT_OBJC_ISA_USAGE = YES_ERROR;
				CLANG_WARN_DOCUMENTATION_COMMENTS = YES;
				CLANG_WARN_EMPTY_BODY = YES;
				CLANG_WARN_ENUM_CONVERSION = YES;
				CLANG_WARN_INFINITE_RECURSION = YES;
				CLANG_WARN_INT_CONVERSION = YES;
				CLANG_WARN_NON_LITERAL_NULL_CONVERSION = YES;
				CLANG_WARN_OBJC_IMPLICIT_RETAIN_SELF = YES;
				CLANG_WARN_OBJC_LITERAL_CONVERSION = YES;
				CLANG_WARN_OBJC_ROOT_CLASS = YES_ERROR;
				CLANG_WARN_QUOTED_INCLUDE_IN_FRAMEWORK_HEADER = YES;
				CLANG_WARN_RANGE_LOOP_ANALYSIS = YES;
				CLANG_WARN_STRICT_PROTOTYPES = YES;
				CLANG_WARN_SUSPICIOUS_MOVE = YES;
				CLANG_WARN_UNGUARDED_AVAILABILITY = YES_AGGRESSIVE;
				CLANG_WARN_UNREACHABLE_CODE = YES;
				CLANG_WARN__DUPLICATE_METHOD_MATCH = YES;
				COPY_PHASE_STRIP = NO;
				CURRENT_PROJECT_VERSION = 1;
				DEAD_CODE_STRIPPING = YES;
				DEBUG_INFORMATION_FORMAT = "dwarf-with-dsym";
				ENABLE_NS_ASSERTIONS = NO;
				ENABLE_STRICT_OBJC_MSGSEND = YES;
				ENABLE_USER_SCRIPT_SANDBOXING = YES;
				GCC_C_LANGUAGE_STANDARD = gnu11;
				GCC_NO_COMMON_BLOCKS = YES;
				GCC_WARN_64_TO_32_BIT_CONVERSION = YES;
				GCC_WARN_ABOUT_RETURN_TYPE = YES_ERROR;
				GCC_WARN_UNDECLARED_SELECTOR = YES;
				GCC_WARN_UNINITIALIZED_AUTOS = YES_AGGRESSIVE;
				GCC_WARN_UNUSED_FUNCTION = YES;
				GCC_WARN_UNUSED_VARIABLE = YES;
				MACOSX_DEPLOYMENT_TARGET = 15.6;
				MARKETING_VERSION = 1.0.0;
				MTL_ENABLE_DEBUG_INFO = NO;
				MTL_FAST_MATH = YES;
				PRODUCT_NAME = "$(TARGET_NAME)";
				SDKROOT = macosx;
				STRING_CATALOG_GENERATE_SYMBOLS = YES;
				SWIFT_COMPILATION_MODE = wholemodule;
				SWIFT_OPTIMIZATION_LEVEL = "-O";
				SWIFT_VERSION = 5.9;
			};
			name = Release;
		};
/* End XCBuildConfiguration section */

/* Begin XCConfigurationList section */
		9D8798ACF97D7CA837D8AF5E /* Build configuration list for PBXNativeTarget "AudioRecordingManager" */ = {
			isa = XCConfigurationList;
			buildConfigurations = (
				64D86A806111477431EBB7EC /* Debug */,
				5201D44BA8465B4B1D64AF3D /* Release */,
			);
			defaultConfigurationIsVisible = 0;
			defaultConfigurationName = Debug;
		};
		D893B6AFC8C40FDB1448382B /* Build configuration list for PBXProject "AudioRecordingManager" */ = {
			isa = XCConfigurationList;
			buildConfigurations = (
				3104E2408C4BBBEFD1CACE29 /* Debug */,
				7367B41A0BED6D1339CDB03D /* Release */,
			);
			defaultConfigurationIsVisible = 0;
			defaultConfigurationName = Debug;
		};
/* End XCConfigurationList section */
	};
	rootObject = 8D7D28B495A06278759D07E7 /* Project object */;
}
